
Microsoft Visual Studio Solution File, Format Version 12.00
# Visual Studio 15
VisualStudioVersion = 15.0.27428.2027
MinimumVisualStudioVersion = 10.0.40219.1
Project("{FAE04EC0-301F-11D3-BF4B-00C04F79EFBC}") = "astorWorkMobile.Android", "astorWorkMobile\astorWorkMobile.Android\astorWorkMobile.Android.csproj", "{7540A532-2561-4048-89A3-9251A181CDAD}"
EndProject
Project("{FAE04EC0-301F-11D3-BF4B-00C04F79EFBC}") = "astorWorkMobile.iOS", "astorWorkMobile\astorWorkMobile.iOS\astorWorkMobile.iOS.csproj", "{4C591DB9-B8CC-4650-A268-C4C6B52606B3}"
EndProject
Project("{9A19103F-16F7-4668-BE54-9A1E7A4F7556}") = "astorWorkMobile", "astorWorkMobile\astorWorkMobile\astorWorkMobile.csproj", "{3BC645ED-C2BE-451E-BAF4-FCF71A0AC71A}"
EndProject
Global
	GlobalSection(SolutionConfigurationPlatforms) = preSolution
		Ad-Hoc|Any CPU = Ad-Hoc|Any CPU
		Ad-Hoc|ARM = Ad-Hoc|ARM
		Ad-Hoc|iPhone = Ad-Hoc|iPhone
		Ad-Hoc|iPhoneSimulator = Ad-Hoc|iPhoneSimulator
		Ad-Hoc|x64 = Ad-Hoc|x64
		Ad-Hoc|x86 = Ad-Hoc|x86
		AppStore|Any CPU = AppStore|Any CPU
		AppStore|ARM = AppStore|ARM
		AppStore|iPhone = AppStore|iPhone
		AppStore|iPhoneSimulator = AppStore|iPhoneSimulator
		AppStore|x64 = AppStore|x64
		AppStore|x86 = AppStore|x86
		Ben_DEBUG|Any CPU = Ben_DEBUG|Any CPU
		Ben_DEBUG|ARM = Ben_DEBUG|ARM
		Ben_DEBUG|iPhone = Ben_DEBUG|iPhone
		Ben_DEBUG|iPhoneSimulator = Ben_DEBUG|iPhoneSimulator
		Ben_DEBUG|x64 = Ben_DEBUG|x64
		Ben_DEBUG|x86 = Ben_DEBUG|x86
		BRIAN_DEBUG_HOME|Any CPU = BRIAN_DEBUG_HOME|Any CPU
		BRIAN_DEBUG_HOME|ARM = BRIAN_DEBUG_HOME|ARM
		BRIAN_DEBUG_HOME|iPhone = BRIAN_DEBUG_HOME|iPhone
		BRIAN_DEBUG_HOME|iPhoneSimulator = BRIAN_DEBUG_HOME|iPhoneSimulator
		BRIAN_DEBUG_HOME|x64 = BRIAN_DEBUG_HOME|x64
		BRIAN_DEBUG_HOME|x86 = BRIAN_DEBUG_HOME|x86
		Brian_DEBUG|Any CPU = Brian_DEBUG|Any CPU
		Brian_DEBUG|ARM = Brian_DEBUG|ARM
		Brian_DEBUG|iPhone = Brian_DEBUG|iPhone
		Brian_DEBUG|iPhoneSimulator = Brian_DEBUG|iPhoneSimulator
		Brian_DEBUG|x64 = Brian_DEBUG|x64
		Brian_DEBUG|x86 = Brian_DEBUG|x86
		Debug|Any CPU = Debug|Any CPU
		Debug|ARM = Debug|ARM
		Debug|iPhone = Debug|iPhone
		Debug|iPhoneSimulator = Debug|iPhoneSimulator
		Debug|x64 = Debug|x64
		Debug|x86 = Debug|x86
		PRAD_DEBUG|Any CPU = PRAD_DEBUG|Any CPU
		PRAD_DEBUG|ARM = PRAD_DEBUG|ARM
		PRAD_DEBUG|iPhone = PRAD_DEBUG|iPhone
		PRAD_DEBUG|iPhoneSimulator = PRAD_DEBUG|iPhoneSimulator
		PRAD_DEBUG|x64 = PRAD_DEBUG|x64
		PRAD_DEBUG|x86 = PRAD_DEBUG|x86
		QA_DEBUG|Any CPU = QA_DEBUG|Any CPU
		QA_DEBUG|ARM = QA_DEBUG|ARM
		QA_DEBUG|iPhone = QA_DEBUG|iPhone
		QA_DEBUG|iPhoneSimulator = QA_DEBUG|iPhoneSimulator
		QA_DEBUG|x64 = QA_DEBUG|x64
		QA_DEBUG|x86 = QA_DEBUG|x86
		QA_RELEASE|Any CPU = QA_RELEASE|Any CPU
		QA_RELEASE|ARM = QA_RELEASE|ARM
		QA_RELEASE|iPhone = QA_RELEASE|iPhone
		QA_RELEASE|iPhoneSimulator = QA_RELEASE|iPhoneSimulator
		QA_RELEASE|x64 = QA_RELEASE|x64
		QA_RELEASE|x86 = QA_RELEASE|x86
		Release|Any CPU = Release|Any CPU
		Release|ARM = Release|ARM
		Release|iPhone = Release|iPhone
		Release|iPhoneSimulator = Release|iPhoneSimulator
		Release|x64 = Release|x64
		Release|x86 = Release|x86
	EndGlobalSection
	GlobalSection(ProjectConfigurationPlatforms) = postSolution
		{7540A532-2561-4048-89A3-9251A181CDAD}.Ad-Hoc|Any CPU.ActiveCfg = Release|Any CPU
		{7540A532-2561-4048-89A3-9251A181CDAD}.Ad-Hoc|Any CPU.Build.0 = Release|Any CPU
		{7540A532-2561-4048-89A3-9251A181CDAD}.Ad-Hoc|Any CPU.Deploy.0 = Release|Any CPU
		{7540A532-2561-4048-89A3-9251A181CDAD}.Ad-Hoc|ARM.ActiveCfg = Release|Any CPU
		{7540A532-2561-4048-89A3-9251A181CDAD}.Ad-Hoc|ARM.Build.0 = Release|Any CPU
		{7540A532-2561-4048-89A3-9251A181CDAD}.Ad-Hoc|ARM.Deploy.0 = Release|Any CPU
		{7540A532-2561-4048-89A3-9251A181CDAD}.Ad-Hoc|iPhone.ActiveCfg = Release|Any CPU
		{7540A532-2561-4048-89A3-9251A181CDAD}.Ad-Hoc|iPhone.Build.0 = Release|Any CPU
		{7540A532-2561-4048-89A3-9251A181CDAD}.Ad-Hoc|iPhone.Deploy.0 = Release|Any CPU
		{7540A532-2561-4048-89A3-9251A181CDAD}.Ad-Hoc|iPhoneSimulator.ActiveCfg = Release|Any CPU
		{7540A532-2561-4048-89A3-9251A181CDAD}.Ad-Hoc|iPhoneSimulator.Build.0 = Release|Any CPU
		{7540A532-2561-4048-89A3-9251A181CDAD}.Ad-Hoc|iPhoneSimulator.Deploy.0 = Release|Any CPU
		{7540A532-2561-4048-89A3-9251A181CDAD}.Ad-Hoc|x64.ActiveCfg = Release|Any CPU
		{7540A532-2561-4048-89A3-9251A181CDAD}.Ad-Hoc|x64.Build.0 = Release|Any CPU
		{7540A532-2561-4048-89A3-9251A181CDAD}.Ad-Hoc|x64.Deploy.0 = Release|Any CPU
		{7540A532-2561-4048-89A3-9251A181CDAD}.Ad-Hoc|x86.ActiveCfg = Release|Any CPU
		{7540A532-2561-4048-89A3-9251A181CDAD}.Ad-Hoc|x86.Build.0 = Release|Any CPU
		{7540A532-2561-4048-89A3-9251A181CDAD}.Ad-Hoc|x86.Deploy.0 = Release|Any CPU
		{7540A532-2561-4048-89A3-9251A181CDAD}.AppStore|Any CPU.ActiveCfg = Release|Any CPU
		{7540A532-2561-4048-89A3-9251A181CDAD}.AppStore|Any CPU.Build.0 = Release|Any CPU
		{7540A532-2561-4048-89A3-9251A181CDAD}.AppStore|Any CPU.Deploy.0 = Release|Any CPU
		{7540A532-2561-4048-89A3-9251A181CDAD}.AppStore|ARM.ActiveCfg = Release|Any CPU
		{7540A532-2561-4048-89A3-9251A181CDAD}.AppStore|ARM.Build.0 = Release|Any CPU
		{7540A532-2561-4048-89A3-9251A181CDAD}.AppStore|ARM.Deploy.0 = Release|Any CPU
		{7540A532-2561-4048-89A3-9251A181CDAD}.AppStore|iPhone.ActiveCfg = Release|Any CPU
		{7540A532-2561-4048-89A3-9251A181CDAD}.AppStore|iPhone.Build.0 = Release|Any CPU
		{7540A532-2561-4048-89A3-9251A181CDAD}.AppStore|iPhone.Deploy.0 = Release|Any CPU
		{7540A532-2561-4048-89A3-9251A181CDAD}.AppStore|iPhoneSimulator.ActiveCfg = Release|Any CPU
		{7540A532-2561-4048-89A3-9251A181CDAD}.AppStore|iPhoneSimulator.Build.0 = Release|Any CPU
		{7540A532-2561-4048-89A3-9251A181CDAD}.AppStore|iPhoneSimulator.Deploy.0 = Release|Any CPU
		{7540A532-2561-4048-89A3-9251A181CDAD}.AppStore|x64.ActiveCfg = Release|Any CPU
		{7540A532-2561-4048-89A3-9251A181CDAD}.AppStore|x64.Build.0 = Release|Any CPU
		{7540A532-2561-4048-89A3-9251A181CDAD}.AppStore|x64.Deploy.0 = Release|Any CPU
		{7540A532-2561-4048-89A3-9251A181CDAD}.AppStore|x86.ActiveCfg = Release|Any CPU
		{7540A532-2561-4048-89A3-9251A181CDAD}.AppStore|x86.Build.0 = Release|Any CPU
		{7540A532-2561-4048-89A3-9251A181CDAD}.AppStore|x86.Deploy.0 = Release|Any CPU
		{7540A532-2561-4048-89A3-9251A181CDAD}.Ben_DEBUG|Any CPU.ActiveCfg = Ben_DEBUG|Any CPU
		{7540A532-2561-4048-89A3-9251A181CDAD}.Ben_DEBUG|Any CPU.Build.0 = Ben_DEBUG|Any CPU
		{7540A532-2561-4048-89A3-9251A181CDAD}.Ben_DEBUG|Any CPU.Deploy.0 = Ben_DEBUG|Any CPU
		{7540A532-2561-4048-89A3-9251A181CDAD}.Ben_DEBUG|ARM.ActiveCfg = Ben_DEBUG|Any CPU
		{7540A532-2561-4048-89A3-9251A181CDAD}.Ben_DEBUG|ARM.Build.0 = Ben_DEBUG|Any CPU
		{7540A532-2561-4048-89A3-9251A181CDAD}.Ben_DEBUG|ARM.Deploy.0 = Ben_DEBUG|Any CPU
		{7540A532-2561-4048-89A3-9251A181CDAD}.Ben_DEBUG|iPhone.ActiveCfg = Ben_DEBUG|Any CPU
		{7540A532-2561-4048-89A3-9251A181CDAD}.Ben_DEBUG|iPhone.Build.0 = Ben_DEBUG|Any CPU
		{7540A532-2561-4048-89A3-9251A181CDAD}.Ben_DEBUG|iPhone.Deploy.0 = Ben_DEBUG|Any CPU
		{7540A532-2561-4048-89A3-9251A181CDAD}.Ben_DEBUG|iPhoneSimulator.ActiveCfg = Ben_DEBUG|Any CPU
		{7540A532-2561-4048-89A3-9251A181CDAD}.Ben_DEBUG|iPhoneSimulator.Build.0 = Ben_DEBUG|Any CPU
		{7540A532-2561-4048-89A3-9251A181CDAD}.Ben_DEBUG|iPhoneSimulator.Deploy.0 = Ben_DEBUG|Any CPU
		{7540A532-2561-4048-89A3-9251A181CDAD}.Ben_DEBUG|x64.ActiveCfg = Ben_DEBUG|Any CPU
		{7540A532-2561-4048-89A3-9251A181CDAD}.Ben_DEBUG|x64.Build.0 = Ben_DEBUG|Any CPU
		{7540A532-2561-4048-89A3-9251A181CDAD}.Ben_DEBUG|x64.Deploy.0 = Ben_DEBUG|Any CPU
		{7540A532-2561-4048-89A3-9251A181CDAD}.Ben_DEBUG|x86.ActiveCfg = Ben_DEBUG|Any CPU
		{7540A532-2561-4048-89A3-9251A181CDAD}.Ben_DEBUG|x86.Build.0 = Ben_DEBUG|Any CPU
		{7540A532-2561-4048-89A3-9251A181CDAD}.Ben_DEBUG|x86.Deploy.0 = Ben_DEBUG|Any CPU
		{7540A532-2561-4048-89A3-9251A181CDAD}.BRIAN_DEBUG_HOME|Any CPU.ActiveCfg = BRIAN_DEBUG_HOME|Any CPU
		{7540A532-2561-4048-89A3-9251A181CDAD}.BRIAN_DEBUG_HOME|Any CPU.Build.0 = BRIAN_DEBUG_HOME|Any CPU
		{7540A532-2561-4048-89A3-9251A181CDAD}.BRIAN_DEBUG_HOME|Any CPU.Deploy.0 = BRIAN_DEBUG_HOME|Any CPU
		{7540A532-2561-4048-89A3-9251A181CDAD}.BRIAN_DEBUG_HOME|ARM.ActiveCfg = BRIAN_DEBUG_HOME|Any CPU
		{7540A532-2561-4048-89A3-9251A181CDAD}.BRIAN_DEBUG_HOME|ARM.Build.0 = BRIAN_DEBUG_HOME|Any CPU
		{7540A532-2561-4048-89A3-9251A181CDAD}.BRIAN_DEBUG_HOME|ARM.Deploy.0 = BRIAN_DEBUG_HOME|Any CPU
		{7540A532-2561-4048-89A3-9251A181CDAD}.BRIAN_DEBUG_HOME|iPhone.ActiveCfg = BRIAN_DEBUG_HOME|Any CPU
		{7540A532-2561-4048-89A3-9251A181CDAD}.BRIAN_DEBUG_HOME|iPhone.Build.0 = BRIAN_DEBUG_HOME|Any CPU
		{7540A532-2561-4048-89A3-9251A181CDAD}.BRIAN_DEBUG_HOME|iPhone.Deploy.0 = BRIAN_DEBUG_HOME|Any CPU
		{7540A532-2561-4048-89A3-9251A181CDAD}.BRIAN_DEBUG_HOME|iPhoneSimulator.ActiveCfg = BRIAN_DEBUG_HOME|Any CPU
		{7540A532-2561-4048-89A3-9251A181CDAD}.BRIAN_DEBUG_HOME|iPhoneSimulator.Build.0 = BRIAN_DEBUG_HOME|Any CPU
		{7540A532-2561-4048-89A3-9251A181CDAD}.BRIAN_DEBUG_HOME|iPhoneSimulator.Deploy.0 = BRIAN_DEBUG_HOME|Any CPU
		{7540A532-2561-4048-89A3-9251A181CDAD}.BRIAN_DEBUG_HOME|x64.ActiveCfg = BRIAN_DEBUG_HOME|Any CPU
		{7540A532-2561-4048-89A3-9251A181CDAD}.BRIAN_DEBUG_HOME|x64.Build.0 = BRIAN_DEBUG_HOME|Any CPU
		{7540A532-2561-4048-89A3-9251A181CDAD}.BRIAN_DEBUG_HOME|x64.Deploy.0 = BRIAN_DEBUG_HOME|Any CPU
		{7540A532-2561-4048-89A3-9251A181CDAD}.BRIAN_DEBUG_HOME|x86.ActiveCfg = BRIAN_DEBUG_HOME|Any CPU
		{7540A532-2561-4048-89A3-9251A181CDAD}.BRIAN_DEBUG_HOME|x86.Build.0 = BRIAN_DEBUG_HOME|Any CPU
		{7540A532-2561-4048-89A3-9251A181CDAD}.BRIAN_DEBUG_HOME|x86.Deploy.0 = BRIAN_DEBUG_HOME|Any CPU
		{7540A532-2561-4048-89A3-9251A181CDAD}.Brian_DEBUG|Any CPU.ActiveCfg = Brian_DEBUG|Any CPU
		{7540A532-2561-4048-89A3-9251A181CDAD}.Brian_DEBUG|Any CPU.Build.0 = Brian_DEBUG|Any CPU
		{7540A532-2561-4048-89A3-9251A181CDAD}.Brian_DEBUG|Any CPU.Deploy.0 = Brian_DEBUG|Any CPU
		{7540A532-2561-4048-89A3-9251A181CDAD}.Brian_DEBUG|ARM.ActiveCfg = Brian_DEBUG|Any CPU
		{7540A532-2561-4048-89A3-9251A181CDAD}.Brian_DEBUG|ARM.Build.0 = Brian_DEBUG|Any CPU
		{7540A532-2561-4048-89A3-9251A181CDAD}.Brian_DEBUG|ARM.Deploy.0 = Brian_DEBUG|Any CPU
		{7540A532-2561-4048-89A3-9251A181CDAD}.Brian_DEBUG|iPhone.ActiveCfg = Brian_DEBUG|Any CPU
		{7540A532-2561-4048-89A3-9251A181CDAD}.Brian_DEBUG|iPhone.Build.0 = Brian_DEBUG|Any CPU
		{7540A532-2561-4048-89A3-9251A181CDAD}.Brian_DEBUG|iPhone.Deploy.0 = Brian_DEBUG|Any CPU
		{7540A532-2561-4048-89A3-9251A181CDAD}.Brian_DEBUG|iPhoneSimulator.ActiveCfg = Brian_DEBUG|Any CPU
		{7540A532-2561-4048-89A3-9251A181CDAD}.Brian_DEBUG|iPhoneSimulator.Build.0 = Brian_DEBUG|Any CPU
		{7540A532-2561-4048-89A3-9251A181CDAD}.Brian_DEBUG|iPhoneSimulator.Deploy.0 = Brian_DEBUG|Any CPU
		{7540A532-2561-4048-89A3-9251A181CDAD}.Brian_DEBUG|x64.ActiveCfg = Brian_DEBUG|Any CPU
		{7540A532-2561-4048-89A3-9251A181CDAD}.Brian_DEBUG|x64.Build.0 = Brian_DEBUG|Any CPU
		{7540A532-2561-4048-89A3-9251A181CDAD}.Brian_DEBUG|x64.Deploy.0 = Brian_DEBUG|Any CPU
		{7540A532-2561-4048-89A3-9251A181CDAD}.Brian_DEBUG|x86.ActiveCfg = Brian_DEBUG|Any CPU
		{7540A532-2561-4048-89A3-9251A181CDAD}.Brian_DEBUG|x86.Build.0 = Brian_DEBUG|Any CPU
		{7540A532-2561-4048-89A3-9251A181CDAD}.Brian_DEBUG|x86.Deploy.0 = Brian_DEBUG|Any CPU
		{7540A532-2561-4048-89A3-9251A181CDAD}.Debug|Any CPU.ActiveCfg = Debug|Any CPU
		{7540A532-2561-4048-89A3-9251A181CDAD}.Debug|Any CPU.Build.0 = Debug|Any CPU
		{7540A532-2561-4048-89A3-9251A181CDAD}.Debug|Any CPU.Deploy.0 = Debug|Any CPU
		{7540A532-2561-4048-89A3-9251A181CDAD}.Debug|ARM.ActiveCfg = Debug|Any CPU
		{7540A532-2561-4048-89A3-9251A181CDAD}.Debug|ARM.Build.0 = Debug|Any CPU
		{7540A532-2561-4048-89A3-9251A181CDAD}.Debug|ARM.Deploy.0 = Debug|Any CPU
		{7540A532-2561-4048-89A3-9251A181CDAD}.Debug|iPhone.ActiveCfg = Debug|Any CPU
		{7540A532-2561-4048-89A3-9251A181CDAD}.Debug|iPhone.Build.0 = Debug|Any CPU
		{7540A532-2561-4048-89A3-9251A181CDAD}.Debug|iPhone.Deploy.0 = Debug|Any CPU
		{7540A532-2561-4048-89A3-9251A181CDAD}.Debug|iPhoneSimulator.ActiveCfg = Debug|Any CPU
		{7540A532-2561-4048-89A3-9251A181CDAD}.Debug|iPhoneSimulator.Build.0 = Debug|Any CPU
		{7540A532-2561-4048-89A3-9251A181CDAD}.Debug|iPhoneSimulator.Deploy.0 = Debug|Any CPU
		{7540A532-2561-4048-89A3-9251A181CDAD}.Debug|x64.ActiveCfg = Debug|Any CPU
		{7540A532-2561-4048-89A3-9251A181CDAD}.Debug|x64.Build.0 = Debug|Any CPU
		{7540A532-2561-4048-89A3-9251A181CDAD}.Debug|x64.Deploy.0 = Debug|Any CPU
		{7540A532-2561-4048-89A3-9251A181CDAD}.Debug|x86.ActiveCfg = Debug|Any CPU
		{7540A532-2561-4048-89A3-9251A181CDAD}.Debug|x86.Build.0 = Debug|Any CPU
		{7540A532-2561-4048-89A3-9251A181CDAD}.Debug|x86.Deploy.0 = Debug|Any CPU
		{7540A532-2561-4048-89A3-9251A181CDAD}.PRAD_DEBUG|Any CPU.ActiveCfg = PRAD_DEBUG|Any CPU
		{7540A532-2561-4048-89A3-9251A181CDAD}.PRAD_DEBUG|Any CPU.Build.0 = PRAD_DEBUG|Any CPU
		{7540A532-2561-4048-89A3-9251A181CDAD}.PRAD_DEBUG|Any CPU.Deploy.0 = PRAD_DEBUG|Any CPU
		{7540A532-2561-4048-89A3-9251A181CDAD}.PRAD_DEBUG|ARM.ActiveCfg = PRAD_DEBUG|Any CPU
		{7540A532-2561-4048-89A3-9251A181CDAD}.PRAD_DEBUG|ARM.Build.0 = PRAD_DEBUG|Any CPU
		{7540A532-2561-4048-89A3-9251A181CDAD}.PRAD_DEBUG|ARM.Deploy.0 = PRAD_DEBUG|Any CPU
		{7540A532-2561-4048-89A3-9251A181CDAD}.PRAD_DEBUG|iPhone.ActiveCfg = PRAD_DEBUG|Any CPU
		{7540A532-2561-4048-89A3-9251A181CDAD}.PRAD_DEBUG|iPhone.Build.0 = PRAD_DEBUG|Any CPU
		{7540A532-2561-4048-89A3-9251A181CDAD}.PRAD_DEBUG|iPhone.Deploy.0 = PRAD_DEBUG|Any CPU
		{7540A532-2561-4048-89A3-9251A181CDAD}.PRAD_DEBUG|iPhoneSimulator.ActiveCfg = PRAD_DEBUG|Any CPU
		{7540A532-2561-4048-89A3-9251A181CDAD}.PRAD_DEBUG|iPhoneSimulator.Build.0 = PRAD_DEBUG|Any CPU
		{7540A532-2561-4048-89A3-9251A181CDAD}.PRAD_DEBUG|iPhoneSimulator.Deploy.0 = PRAD_DEBUG|Any CPU
		{7540A532-2561-4048-89A3-9251A181CDAD}.PRAD_DEBUG|x64.ActiveCfg = PRAD_DEBUG|Any CPU
		{7540A532-2561-4048-89A3-9251A181CDAD}.PRAD_DEBUG|x64.Build.0 = PRAD_DEBUG|Any CPU
		{7540A532-2561-4048-89A3-9251A181CDAD}.PRAD_DEBUG|x64.Deploy.0 = PRAD_DEBUG|Any CPU
		{7540A532-2561-4048-89A3-9251A181CDAD}.PRAD_DEBUG|x86.ActiveCfg = PRAD_DEBUG|Any CPU
		{7540A532-2561-4048-89A3-9251A181CDAD}.PRAD_DEBUG|x86.Build.0 = PRAD_DEBUG|Any CPU
		{7540A532-2561-4048-89A3-9251A181CDAD}.PRAD_DEBUG|x86.Deploy.0 = PRAD_DEBUG|Any CPU
		{7540A532-2561-4048-89A3-9251A181CDAD}.QA_DEBUG|Any CPU.ActiveCfg = QA_DEBUG|Any CPU
		{7540A532-2561-4048-89A3-9251A181CDAD}.QA_DEBUG|Any CPU.Build.0 = QA_DEBUG|Any CPU
		{7540A532-2561-4048-89A3-9251A181CDAD}.QA_DEBUG|Any CPU.Deploy.0 = QA_DEBUG|Any CPU
		{7540A532-2561-4048-89A3-9251A181CDAD}.QA_DEBUG|ARM.ActiveCfg = QA_DEBUG|Any CPU
		{7540A532-2561-4048-89A3-9251A181CDAD}.QA_DEBUG|ARM.Build.0 = QA_DEBUG|Any CPU
		{7540A532-2561-4048-89A3-9251A181CDAD}.QA_DEBUG|ARM.Deploy.0 = QA_DEBUG|Any CPU
		{7540A532-2561-4048-89A3-9251A181CDAD}.QA_DEBUG|iPhone.ActiveCfg = QA_DEBUG|Any CPU
		{7540A532-2561-4048-89A3-9251A181CDAD}.QA_DEBUG|iPhone.Build.0 = QA_DEBUG|Any CPU
		{7540A532-2561-4048-89A3-9251A181CDAD}.QA_DEBUG|iPhone.Deploy.0 = QA_DEBUG|Any CPU
		{7540A532-2561-4048-89A3-9251A181CDAD}.QA_DEBUG|iPhoneSimulator.ActiveCfg = QA_DEBUG|Any CPU
		{7540A532-2561-4048-89A3-9251A181CDAD}.QA_DEBUG|iPhoneSimulator.Build.0 = QA_DEBUG|Any CPU
		{7540A532-2561-4048-89A3-9251A181CDAD}.QA_DEBUG|iPhoneSimulator.Deploy.0 = QA_DEBUG|Any CPU
		{7540A532-2561-4048-89A3-9251A181CDAD}.QA_DEBUG|x64.ActiveCfg = QA_DEBUG|Any CPU
		{7540A532-2561-4048-89A3-9251A181CDAD}.QA_DEBUG|x64.Build.0 = QA_DEBUG|Any CPU
		{7540A532-2561-4048-89A3-9251A181CDAD}.QA_DEBUG|x64.Deploy.0 = QA_DEBUG|Any CPU
		{7540A532-2561-4048-89A3-9251A181CDAD}.QA_DEBUG|x86.ActiveCfg = QA_DEBUG|Any CPU
		{7540A532-2561-4048-89A3-9251A181CDAD}.QA_DEBUG|x86.Build.0 = QA_DEBUG|Any CPU
		{7540A532-2561-4048-89A3-9251A181CDAD}.QA_DEBUG|x86.Deploy.0 = QA_DEBUG|Any CPU
		{7540A532-2561-4048-89A3-9251A181CDAD}.QA_RELEASE|Any CPU.ActiveCfg = QA_RELEASE|Any CPU
		{7540A532-2561-4048-89A3-9251A181CDAD}.QA_RELEASE|Any CPU.Build.0 = QA_RELEASE|Any CPU
		{7540A532-2561-4048-89A3-9251A181CDAD}.QA_RELEASE|Any CPU.Deploy.0 = QA_RELEASE|Any CPU
		{7540A532-2561-4048-89A3-9251A181CDAD}.QA_RELEASE|ARM.ActiveCfg = QA_RELEASE|Any CPU
		{7540A532-2561-4048-89A3-9251A181CDAD}.QA_RELEASE|ARM.Build.0 = QA_RELEASE|Any CPU
		{7540A532-2561-4048-89A3-9251A181CDAD}.QA_RELEASE|ARM.Deploy.0 = QA_RELEASE|Any CPU
		{7540A532-2561-4048-89A3-9251A181CDAD}.QA_RELEASE|iPhone.ActiveCfg = QA_RELEASE|Any CPU
		{7540A532-2561-4048-89A3-9251A181CDAD}.QA_RELEASE|iPhone.Build.0 = QA_RELEASE|Any CPU
		{7540A532-2561-4048-89A3-9251A181CDAD}.QA_RELEASE|iPhone.Deploy.0 = QA_RELEASE|Any CPU
		{7540A532-2561-4048-89A3-9251A181CDAD}.QA_RELEASE|iPhoneSimulator.ActiveCfg = QA_RELEASE|Any CPU
		{7540A532-2561-4048-89A3-9251A181CDAD}.QA_RELEASE|iPhoneSimulator.Build.0 = QA_RELEASE|Any CPU
		{7540A532-2561-4048-89A3-9251A181CDAD}.QA_RELEASE|iPhoneSimulator.Deploy.0 = QA_RELEASE|Any CPU
		{7540A532-2561-4048-89A3-9251A181CDAD}.QA_RELEASE|x64.ActiveCfg = QA_RELEASE|Any CPU
		{7540A532-2561-4048-89A3-9251A181CDAD}.QA_RELEASE|x64.Build.0 = QA_RELEASE|Any CPU
		{7540A532-2561-4048-89A3-9251A181CDAD}.QA_RELEASE|x64.Deploy.0 = QA_RELEASE|Any CPU
		{7540A532-2561-4048-89A3-9251A181CDAD}.QA_RELEASE|x86.ActiveCfg = QA_RELEASE|Any CPU
		{7540A532-2561-4048-89A3-9251A181CDAD}.QA_RELEASE|x86.Build.0 = QA_RELEASE|Any CPU
		{7540A532-2561-4048-89A3-9251A181CDAD}.QA_RELEASE|x86.Deploy.0 = QA_RELEASE|Any CPU
		{7540A532-2561-4048-89A3-9251A181CDAD}.Release|Any CPU.ActiveCfg = Release|Any CPU
		{7540A532-2561-4048-89A3-9251A181CDAD}.Release|Any CPU.Build.0 = Release|Any CPU
		{7540A532-2561-4048-89A3-9251A181CDAD}.Release|Any CPU.Deploy.0 = Release|Any CPU
		{7540A532-2561-4048-89A3-9251A181CDAD}.Release|ARM.ActiveCfg = Release|Any CPU
		{7540A532-2561-4048-89A3-9251A181CDAD}.Release|ARM.Build.0 = Release|Any CPU
		{7540A532-2561-4048-89A3-9251A181CDAD}.Release|ARM.Deploy.0 = Release|Any CPU
		{7540A532-2561-4048-89A3-9251A181CDAD}.Release|iPhone.ActiveCfg = Release|Any CPU
		{7540A532-2561-4048-89A3-9251A181CDAD}.Release|iPhone.Build.0 = Release|Any CPU
		{7540A532-2561-4048-89A3-9251A181CDAD}.Release|iPhone.Deploy.0 = Release|Any CPU
		{7540A532-2561-4048-89A3-9251A181CDAD}.Release|iPhoneSimulator.ActiveCfg = Release|Any CPU
		{7540A532-2561-4048-89A3-9251A181CDAD}.Release|iPhoneSimulator.Build.0 = Release|Any CPU
		{7540A532-2561-4048-89A3-9251A181CDAD}.Release|iPhoneSimulator.Deploy.0 = Release|Any CPU
		{7540A532-2561-4048-89A3-9251A181CDAD}.Release|x64.ActiveCfg = Release|Any CPU
		{7540A532-2561-4048-89A3-9251A181CDAD}.Release|x64.Build.0 = Release|Any CPU
		{7540A532-2561-4048-89A3-9251A181CDAD}.Release|x64.Deploy.0 = Release|Any CPU
		{7540A532-2561-4048-89A3-9251A181CDAD}.Release|x86.ActiveCfg = Release|Any CPU
		{7540A532-2561-4048-89A3-9251A181CDAD}.Release|x86.Build.0 = Release|Any CPU
		{7540A532-2561-4048-89A3-9251A181CDAD}.Release|x86.Deploy.0 = Release|Any CPU
		{4C591DB9-B8CC-4650-A268-C4C6B52606B3}.Ad-Hoc|Any CPU.ActiveCfg = Ad-Hoc|iPhone
		{4C591DB9-B8CC-4650-A268-C4C6B52606B3}.Ad-Hoc|ARM.ActiveCfg = Ad-Hoc|iPhone
		{4C591DB9-B8CC-4650-A268-C4C6B52606B3}.Ad-Hoc|iPhone.ActiveCfg = Ad-Hoc|iPhone
		{4C591DB9-B8CC-4650-A268-C4C6B52606B3}.Ad-Hoc|iPhone.Build.0 = Ad-Hoc|iPhone
		{4C591DB9-B8CC-4650-A268-C4C6B52606B3}.Ad-Hoc|iPhoneSimulator.ActiveCfg = Ad-Hoc|iPhoneSimulator
		{4C591DB9-B8CC-4650-A268-C4C6B52606B3}.Ad-Hoc|iPhoneSimulator.Build.0 = Ad-Hoc|iPhoneSimulator
		{4C591DB9-B8CC-4650-A268-C4C6B52606B3}.Ad-Hoc|x64.ActiveCfg = Ad-Hoc|iPhone
		{4C591DB9-B8CC-4650-A268-C4C6B52606B3}.Ad-Hoc|x86.ActiveCfg = Ad-Hoc|iPhone
		{4C591DB9-B8CC-4650-A268-C4C6B52606B3}.AppStore|Any CPU.ActiveCfg = AppStore|iPhone
		{4C591DB9-B8CC-4650-A268-C4C6B52606B3}.AppStore|ARM.ActiveCfg = AppStore|iPhone
		{4C591DB9-B8CC-4650-A268-C4C6B52606B3}.AppStore|iPhone.ActiveCfg = AppStore|iPhone
		{4C591DB9-B8CC-4650-A268-C4C6B52606B3}.AppStore|iPhone.Build.0 = AppStore|iPhone
		{4C591DB9-B8CC-4650-A268-C4C6B52606B3}.AppStore|iPhoneSimulator.ActiveCfg = AppStore|iPhoneSimulator
		{4C591DB9-B8CC-4650-A268-C4C6B52606B3}.AppStore|iPhoneSimulator.Build.0 = AppStore|iPhoneSimulator
		{4C591DB9-B8CC-4650-A268-C4C6B52606B3}.AppStore|x64.ActiveCfg = AppStore|iPhone
		{4C591DB9-B8CC-4650-A268-C4C6B52606B3}.AppStore|x86.ActiveCfg = AppStore|iPhone
		{4C591DB9-B8CC-4650-A268-C4C6B52606B3}.Ben_DEBUG|Any CPU.ActiveCfg = Ben_DEBUG|iPhone
		{4C591DB9-B8CC-4650-A268-C4C6B52606B3}.Ben_DEBUG|ARM.ActiveCfg = Ben_DEBUG|iPhone
		{4C591DB9-B8CC-4650-A268-C4C6B52606B3}.Ben_DEBUG|iPhone.ActiveCfg = Ben_DEBUG|iPhone
		{4C591DB9-B8CC-4650-A268-C4C6B52606B3}.Ben_DEBUG|iPhone.Build.0 = Ben_DEBUG|iPhone
		{4C591DB9-B8CC-4650-A268-C4C6B52606B3}.Ben_DEBUG|iPhoneSimulator.ActiveCfg = Ben_DEBUG|iPhoneSimulator
		{4C591DB9-B8CC-4650-A268-C4C6B52606B3}.Ben_DEBUG|iPhoneSimulator.Build.0 = Ben_DEBUG|iPhoneSimulator
		{4C591DB9-B8CC-4650-A268-C4C6B52606B3}.Ben_DEBUG|x64.ActiveCfg = Ben_DEBUG|iPhone
		{4C591DB9-B8CC-4650-A268-C4C6B52606B3}.Ben_DEBUG|x86.ActiveCfg = Ben_DEBUG|iPhone
		{4C591DB9-B8CC-4650-A268-C4C6B52606B3}.BRIAN_DEBUG_HOME|Any CPU.ActiveCfg = BRIAN_DEBUG_HOME|iPhone
		{4C591DB9-B8CC-4650-A268-C4C6B52606B3}.BRIAN_DEBUG_HOME|ARM.ActiveCfg = BRIAN_DEBUG_HOME|iPhone
		{4C591DB9-B8CC-4650-A268-C4C6B52606B3}.BRIAN_DEBUG_HOME|iPhone.ActiveCfg = BRIAN_DEBUG_HOME|iPhone
		{4C591DB9-B8CC-4650-A268-C4C6B52606B3}.BRIAN_DEBUG_HOME|iPhoneSimulator.ActiveCfg = BRIAN_DEBUG_HOME|iPhoneSimulator
		{4C591DB9-B8CC-4650-A268-C4C6B52606B3}.BRIAN_DEBUG_HOME|x64.ActiveCfg = BRIAN_DEBUG_HOME|iPhone
		{4C591DB9-B8CC-4650-A268-C4C6B52606B3}.BRIAN_DEBUG_HOME|x86.ActiveCfg = BRIAN_DEBUG_HOME|iPhone
		{4C591DB9-B8CC-4650-A268-C4C6B52606B3}.Brian_DEBUG|Any CPU.ActiveCfg = Brian_DEBUG|iPhone
		{4C591DB9-B8CC-4650-A268-C4C6B52606B3}.Brian_DEBUG|ARM.ActiveCfg = Brian_DEBUG|iPhone
		{4C591DB9-B8CC-4650-A268-C4C6B52606B3}.Brian_DEBUG|iPhone.ActiveCfg = Brian_DEBUG|iPhone
		{4C591DB9-B8CC-4650-A268-C4C6B52606B3}.Brian_DEBUG|iPhoneSimulator.ActiveCfg = Brian_DEBUG|iPhoneSimulator
		{4C591DB9-B8CC-4650-A268-C4C6B52606B3}.Brian_DEBUG|x64.ActiveCfg = Brian_DEBUG|iPhone
		{4C591DB9-B8CC-4650-A268-C4C6B52606B3}.Brian_DEBUG|x86.ActiveCfg = Brian_DEBUG|iPhone
		{4C591DB9-B8CC-4650-A268-C4C6B52606B3}.Debug|Any CPU.ActiveCfg = Debug|iPhone
		{4C591DB9-B8CC-4650-A268-C4C6B52606B3}.Debug|ARM.ActiveCfg = Debug|iPhone
		{4C591DB9-B8CC-4650-A268-C4C6B52606B3}.Debug|iPhone.ActiveCfg = Debug|iPhone
		{4C591DB9-B8CC-4650-A268-C4C6B52606B3}.Debug|iPhone.Build.0 = Debug|iPhone
		{4C591DB9-B8CC-4650-A268-C4C6B52606B3}.Debug|iPhoneSimulator.ActiveCfg = Debug|iPhoneSimulator
		{4C591DB9-B8CC-4650-A268-C4C6B52606B3}.Debug|iPhoneSimulator.Build.0 = Debug|iPhoneSimulator
		{4C591DB9-B8CC-4650-A268-C4C6B52606B3}.Debug|x64.ActiveCfg = Debug|iPhone
		{4C591DB9-B8CC-4650-A268-C4C6B52606B3}.Debug|x86.ActiveCfg = Debug|iPhone
		{4C591DB9-B8CC-4650-A268-C4C6B52606B3}.PRAD_DEBUG|Any CPU.ActiveCfg = PRAD_DEBUG|iPhone
		{4C591DB9-B8CC-4650-A268-C4C6B52606B3}.PRAD_DEBUG|ARM.ActiveCfg = PRAD_DEBUG|iPhone
		{4C591DB9-B8CC-4650-A268-C4C6B52606B3}.PRAD_DEBUG|iPhone.ActiveCfg = PRAD_DEBUG|iPhone
		{4C591DB9-B8CC-4650-A268-C4C6B52606B3}.PRAD_DEBUG|iPhoneSimulator.ActiveCfg = PRAD_DEBUG|iPhoneSimulator
		{4C591DB9-B8CC-4650-A268-C4C6B52606B3}.PRAD_DEBUG|x64.ActiveCfg = PRAD_DEBUG|iPhone
		{4C591DB9-B8CC-4650-A268-C4C6B52606B3}.PRAD_DEBUG|x86.ActiveCfg = PRAD_DEBUG|iPhone
		{4C591DB9-B8CC-4650-A268-C4C6B52606B3}.QA_DEBUG|Any CPU.ActiveCfg = QA_DEBUG|iPhone
		{4C591DB9-B8CC-4650-A268-C4C6B52606B3}.QA_DEBUG|ARM.ActiveCfg = QA_DEBUG|iPhone
		{4C591DB9-B8CC-4650-A268-C4C6B52606B3}.QA_DEBUG|iPhone.ActiveCfg = QA_DEBUG|iPhone
		{4C591DB9-B8CC-4650-A268-C4C6B52606B3}.QA_DEBUG|iPhoneSimulator.ActiveCfg = QA_DEBUG|iPhoneSimulator
		{4C591DB9-B8CC-4650-A268-C4C6B52606B3}.QA_DEBUG|x64.ActiveCfg = QA_DEBUG|iPhone
		{4C591DB9-B8CC-4650-A268-C4C6B52606B3}.QA_DEBUG|x86.ActiveCfg = QA_DEBUG|iPhone
		{4C591DB9-B8CC-4650-A268-C4C6B52606B3}.QA_RELEASE|Any CPU.ActiveCfg = QA_RELEASE|iPhoneSimulator
		{4C591DB9-B8CC-4650-A268-C4C6B52606B3}.QA_RELEASE|ARM.ActiveCfg = QA_RELEASE|iPhoneSimulator
		{4C591DB9-B8CC-4650-A268-C4C6B52606B3}.QA_RELEASE|iPhone.ActiveCfg = QA_RELEASE|iPhone
		{4C591DB9-B8CC-4650-A268-C4C6B52606B3}.QA_RELEASE|iPhoneSimulator.ActiveCfg = QA_RELEASE|iPhoneSimulator
		{4C591DB9-B8CC-4650-A268-C4C6B52606B3}.QA_RELEASE|x64.ActiveCfg = QA_RELEASE|iPhoneSimulator
		{4C591DB9-B8CC-4650-A268-C4C6B52606B3}.QA_RELEASE|x86.ActiveCfg = QA_RELEASE|iPhoneSimulator
		{4C591DB9-B8CC-4650-A268-C4C6B52606B3}.Release|Any CPU.ActiveCfg = Release|iPhone
		{4C591DB9-B8CC-4650-A268-C4C6B52606B3}.Release|ARM.ActiveCfg = Release|iPhone
		{4C591DB9-B8CC-4650-A268-C4C6B52606B3}.Release|iPhone.ActiveCfg = Release|iPhone
		{4C591DB9-B8CC-4650-A268-C4C6B52606B3}.Release|iPhone.Build.0 = Release|iPhone
		{4C591DB9-B8CC-4650-A268-C4C6B52606B3}.Release|iPhoneSimulator.ActiveCfg = Release|iPhoneSimulator
		{4C591DB9-B8CC-4650-A268-C4C6B52606B3}.Release|iPhoneSimulator.Build.0 = Release|iPhoneSimulator
		{4C591DB9-B8CC-4650-A268-C4C6B52606B3}.Release|x64.ActiveCfg = Release|iPhone
		{4C591DB9-B8CC-4650-A268-C4C6B52606B3}.Release|x86.ActiveCfg = Release|iPhone
		{3BC645ED-C2BE-451E-BAF4-FCF71A0AC71A}.Ad-Hoc|Any CPU.ActiveCfg = Debug|Any CPU
		{3BC645ED-C2BE-451E-BAF4-FCF71A0AC71A}.Ad-Hoc|Any CPU.Build.0 = Debug|Any CPU
		{3BC645ED-C2BE-451E-BAF4-FCF71A0AC71A}.Ad-Hoc|ARM.ActiveCfg = Debug|Any CPU
		{3BC645ED-C2BE-451E-BAF4-FCF71A0AC71A}.Ad-Hoc|ARM.Build.0 = Debug|Any CPU
		{3BC645ED-C2BE-451E-BAF4-FCF71A0AC71A}.Ad-Hoc|iPhone.ActiveCfg = Debug|Any CPU
		{3BC645ED-C2BE-451E-BAF4-FCF71A0AC71A}.Ad-Hoc|iPhone.Build.0 = Debug|Any CPU
		{3BC645ED-C2BE-451E-BAF4-FCF71A0AC71A}.Ad-Hoc|iPhoneSimulator.ActiveCfg = Debug|Any CPU
		{3BC645ED-C2BE-451E-BAF4-FCF71A0AC71A}.Ad-Hoc|iPhoneSimulator.Build.0 = Debug|Any CPU
		{3BC645ED-C2BE-451E-BAF4-FCF71A0AC71A}.Ad-Hoc|x64.ActiveCfg = Debug|Any CPU
		{3BC645ED-C2BE-451E-BAF4-FCF71A0AC71A}.Ad-Hoc|x64.Build.0 = Debug|Any CPU
		{3BC645ED-C2BE-451E-BAF4-FCF71A0AC71A}.Ad-Hoc|x86.ActiveCfg = Debug|Any CPU
		{3BC645ED-C2BE-451E-BAF4-FCF71A0AC71A}.Ad-Hoc|x86.Build.0 = Debug|Any CPU
		{3BC645ED-C2BE-451E-BAF4-FCF71A0AC71A}.AppStore|Any CPU.ActiveCfg = Debug|Any CPU
		{3BC645ED-C2BE-451E-BAF4-FCF71A0AC71A}.AppStore|Any CPU.Build.0 = Debug|Any CPU
		{3BC645ED-C2BE-451E-BAF4-FCF71A0AC71A}.AppStore|ARM.ActiveCfg = Debug|Any CPU
		{3BC645ED-C2BE-451E-BAF4-FCF71A0AC71A}.AppStore|ARM.Build.0 = Debug|Any CPU
		{3BC645ED-C2BE-451E-BAF4-FCF71A0AC71A}.AppStore|iPhone.ActiveCfg = Debug|Any CPU
		{3BC645ED-C2BE-451E-BAF4-FCF71A0AC71A}.AppStore|iPhone.Build.0 = Debug|Any CPU
		{3BC645ED-C2BE-451E-BAF4-FCF71A0AC71A}.AppStore|iPhoneSimulator.ActiveCfg = Debug|Any CPU
		{3BC645ED-C2BE-451E-BAF4-FCF71A0AC71A}.AppStore|iPhoneSimulator.Build.0 = Debug|Any CPU
		{3BC645ED-C2BE-451E-BAF4-FCF71A0AC71A}.AppStore|x64.ActiveCfg = Debug|Any CPU
		{3BC645ED-C2BE-451E-BAF4-FCF71A0AC71A}.AppStore|x64.Build.0 = Debug|Any CPU
		{3BC645ED-C2BE-451E-BAF4-FCF71A0AC71A}.AppStore|x86.ActiveCfg = Debug|Any CPU
		{3BC645ED-C2BE-451E-BAF4-FCF71A0AC71A}.AppStore|x86.Build.0 = Debug|Any CPU
		{3BC645ED-C2BE-451E-BAF4-FCF71A0AC71A}.Ben_DEBUG|Any CPU.ActiveCfg = Ben_DEBUG|Any CPU
		{3BC645ED-C2BE-451E-BAF4-FCF71A0AC71A}.Ben_DEBUG|Any CPU.Build.0 = Ben_DEBUG|Any CPU
		{3BC645ED-C2BE-451E-BAF4-FCF71A0AC71A}.Ben_DEBUG|ARM.ActiveCfg = Ben_DEBUG|Any CPU
		{3BC645ED-C2BE-451E-BAF4-FCF71A0AC71A}.Ben_DEBUG|ARM.Build.0 = Ben_DEBUG|Any CPU
		{3BC645ED-C2BE-451E-BAF4-FCF71A0AC71A}.Ben_DEBUG|iPhone.ActiveCfg = Ben_DEBUG|Any CPU
		{3BC645ED-C2BE-451E-BAF4-FCF71A0AC71A}.Ben_DEBUG|iPhone.Build.0 = Ben_DEBUG|Any CPU
		{3BC645ED-C2BE-451E-BAF4-FCF71A0AC71A}.Ben_DEBUG|iPhoneSimulator.ActiveCfg = Ben_DEBUG|Any CPU
		{3BC645ED-C2BE-451E-BAF4-FCF71A0AC71A}.Ben_DEBUG|iPhoneSimulator.Build.0 = Ben_DEBUG|Any CPU
		{3BC645ED-C2BE-451E-BAF4-FCF71A0AC71A}.Ben_DEBUG|x64.ActiveCfg = Ben_DEBUG|Any CPU
		{3BC645ED-C2BE-451E-BAF4-FCF71A0AC71A}.Ben_DEBUG|x64.Build.0 = Ben_DEBUG|Any CPU
		{3BC645ED-C2BE-451E-BAF4-FCF71A0AC71A}.Ben_DEBUG|x86.ActiveCfg = Ben_DEBUG|Any CPU
		{3BC645ED-C2BE-451E-BAF4-FCF71A0AC71A}.Ben_DEBUG|x86.Build.0 = Ben_DEBUG|Any CPU
		{3BC645ED-C2BE-451E-BAF4-FCF71A0AC71A}.BRIAN_DEBUG_HOME|Any CPU.ActiveCfg = BRIAN_DEBUG_HOME|Any CPU
		{3BC645ED-C2BE-451E-BAF4-FCF71A0AC71A}.BRIAN_DEBUG_HOME|Any CPU.Build.0 = BRIAN_DEBUG_HOME|Any CPU
		{3BC645ED-C2BE-451E-BAF4-FCF71A0AC71A}.BRIAN_DEBUG_HOME|ARM.ActiveCfg = BRIAN_DEBUG_HOME|Any CPU
		{3BC645ED-C2BE-451E-BAF4-FCF71A0AC71A}.BRIAN_DEBUG_HOME|ARM.Build.0 = BRIAN_DEBUG_HOME|Any CPU
		{3BC645ED-C2BE-451E-BAF4-FCF71A0AC71A}.BRIAN_DEBUG_HOME|iPhone.ActiveCfg = BRIAN_DEBUG_HOME|Any CPU
		{3BC645ED-C2BE-451E-BAF4-FCF71A0AC71A}.BRIAN_DEBUG_HOME|iPhone.Build.0 = BRIAN_DEBUG_HOME|Any CPU
		{3BC645ED-C2BE-451E-BAF4-FCF71A0AC71A}.BRIAN_DEBUG_HOME|iPhoneSimulator.ActiveCfg = BRIAN_DEBUG_HOME|Any CPU
		{3BC645ED-C2BE-451E-BAF4-FCF71A0AC71A}.BRIAN_DEBUG_HOME|iPhoneSimulator.Build.0 = BRIAN_DEBUG_HOME|Any CPU
		{3BC645ED-C2BE-451E-BAF4-FCF71A0AC71A}.BRIAN_DEBUG_HOME|x64.ActiveCfg = BRIAN_DEBUG_HOME|Any CPU
		{3BC645ED-C2BE-451E-BAF4-FCF71A0AC71A}.BRIAN_DEBUG_HOME|x64.Build.0 = BRIAN_DEBUG_HOME|Any CPU
		{3BC645ED-C2BE-451E-BAF4-FCF71A0AC71A}.BRIAN_DEBUG_HOME|x86.ActiveCfg = BRIAN_DEBUG_HOME|Any CPU
		{3BC645ED-C2BE-451E-BAF4-FCF71A0AC71A}.BRIAN_DEBUG_HOME|x86.Build.0 = BRIAN_DEBUG_HOME|Any CPU
		{3BC645ED-C2BE-451E-BAF4-FCF71A0AC71A}.Brian_DEBUG|Any CPU.ActiveCfg = Brian_DEBUG|Any CPU
		{3BC645ED-C2BE-451E-BAF4-FCF71A0AC71A}.Brian_DEBUG|Any CPU.Build.0 = Brian_DEBUG|Any CPU
		{3BC645ED-C2BE-451E-BAF4-FCF71A0AC71A}.Brian_DEBUG|ARM.ActiveCfg = Brian_DEBUG|Any CPU
		{3BC645ED-C2BE-451E-BAF4-FCF71A0AC71A}.Brian_DEBUG|ARM.Build.0 = Brian_DEBUG|Any CPU
		{3BC645ED-C2BE-451E-BAF4-FCF71A0AC71A}.Brian_DEBUG|iPhone.ActiveCfg = Brian_DEBUG|Any CPU
		{3BC645ED-C2BE-451E-BAF4-FCF71A0AC71A}.Brian_DEBUG|iPhone.Build.0 = Brian_DEBUG|Any CPU
		{3BC645ED-C2BE-451E-BAF4-FCF71A0AC71A}.Brian_DEBUG|iPhoneSimulator.ActiveCfg = Brian_DEBUG|Any CPU
		{3BC645ED-C2BE-451E-BAF4-FCF71A0AC71A}.Brian_DEBUG|iPhoneSimulator.Build.0 = Brian_DEBUG|Any CPU
		{3BC645ED-C2BE-451E-BAF4-FCF71A0AC71A}.Brian_DEBUG|x64.ActiveCfg = Brian_DEBUG|Any CPU
		{3BC645ED-C2BE-451E-BAF4-FCF71A0AC71A}.Brian_DEBUG|x64.Build.0 = Brian_DEBUG|Any CPU
		{3BC645ED-C2BE-451E-BAF4-FCF71A0AC71A}.Brian_DEBUG|x86.ActiveCfg = Brian_DEBUG|Any CPU
		{3BC645ED-C2BE-451E-BAF4-FCF71A0AC71A}.Brian_DEBUG|x86.Build.0 = Brian_DEBUG|Any CPU
		{3BC645ED-C2BE-451E-BAF4-FCF71A0AC71A}.Debug|Any CPU.ActiveCfg = Debug|Any CPU
		{3BC645ED-C2BE-451E-BAF4-FCF71A0AC71A}.Debug|Any CPU.Build.0 = Debug|Any CPU
		{3BC645ED-C2BE-451E-BAF4-FCF71A0AC71A}.Debug|ARM.ActiveCfg = Debug|Any CPU
		{3BC645ED-C2BE-451E-BAF4-FCF71A0AC71A}.Debug|ARM.Build.0 = Debug|Any CPU
		{3BC645ED-C2BE-451E-BAF4-FCF71A0AC71A}.Debug|iPhone.ActiveCfg = Debug|Any CPU
		{3BC645ED-C2BE-451E-BAF4-FCF71A0AC71A}.Debug|iPhone.Build.0 = Debug|Any CPU
		{3BC645ED-C2BE-451E-BAF4-FCF71A0AC71A}.Debug|iPhoneSimulator.ActiveCfg = Debug|Any CPU
		{3BC645ED-C2BE-451E-BAF4-FCF71A0AC71A}.Debug|iPhoneSimulator.Build.0 = Debug|Any CPU
		{3BC645ED-C2BE-451E-BAF4-FCF71A0AC71A}.Debug|x64.ActiveCfg = Debug|Any CPU
		{3BC645ED-C2BE-451E-BAF4-FCF71A0AC71A}.Debug|x64.Build.0 = Debug|Any CPU
		{3BC645ED-C2BE-451E-BAF4-FCF71A0AC71A}.Debug|x86.ActiveCfg = Debug|Any CPU
		{3BC645ED-C2BE-451E-BAF4-FCF71A0AC71A}.Debug|x86.Build.0 = Debug|Any CPU
		{3BC645ED-C2BE-451E-BAF4-FCF71A0AC71A}.PRAD_DEBUG|Any CPU.ActiveCfg = PRAD_DEBUG|Any CPU
		{3BC645ED-C2BE-451E-BAF4-FCF71A0AC71A}.PRAD_DEBUG|Any CPU.Build.0 = PRAD_DEBUG|Any CPU
		{3BC645ED-C2BE-451E-BAF4-FCF71A0AC71A}.PRAD_DEBUG|ARM.ActiveCfg = PRAD_DEBUG|Any CPU
		{3BC645ED-C2BE-451E-BAF4-FCF71A0AC71A}.PRAD_DEBUG|ARM.Build.0 = PRAD_DEBUG|Any CPU
		{3BC645ED-C2BE-451E-BAF4-FCF71A0AC71A}.PRAD_DEBUG|iPhone.ActiveCfg = PRAD_DEBUG|Any CPU
		{3BC645ED-C2BE-451E-BAF4-FCF71A0AC71A}.PRAD_DEBUG|iPhone.Build.0 = PRAD_DEBUG|Any CPU
		{3BC645ED-C2BE-451E-BAF4-FCF71A0AC71A}.PRAD_DEBUG|iPhoneSimulator.ActiveCfg = PRAD_DEBUG|Any CPU
		{3BC645ED-C2BE-451E-BAF4-FCF71A0AC71A}.PRAD_DEBUG|iPhoneSimulator.Build.0 = PRAD_DEBUG|Any CPU
		{3BC645ED-C2BE-451E-BAF4-FCF71A0AC71A}.PRAD_DEBUG|x64.ActiveCfg = PRAD_DEBUG|Any CPU
		{3BC645ED-C2BE-451E-BAF4-FCF71A0AC71A}.PRAD_DEBUG|x64.Build.0 = PRAD_DEBUG|Any CPU
		{3BC645ED-C2BE-451E-BAF4-FCF71A0AC71A}.PRAD_DEBUG|x86.ActiveCfg = PRAD_DEBUG|Any CPU
		{3BC645ED-C2BE-451E-BAF4-FCF71A0AC71A}.PRAD_DEBUG|x86.Build.0 = PRAD_DEBUG|Any CPU
		{3BC645ED-C2BE-451E-BAF4-FCF71A0AC71A}.QA_DEBUG|Any CPU.ActiveCfg = QA_DEBUG|Any CPU
		{3BC645ED-C2BE-451E-BAF4-FCF71A0AC71A}.QA_DEBUG|Any CPU.Build.0 = QA_DEBUG|Any CPU
		{3BC645ED-C2BE-451E-BAF4-FCF71A0AC71A}.QA_DEBUG|ARM.ActiveCfg = QA_DEBUG|Any CPU
		{3BC645ED-C2BE-451E-BAF4-FCF71A0AC71A}.QA_DEBUG|ARM.Build.0 = QA_DEBUG|Any CPU
		{3BC645ED-C2BE-451E-BAF4-FCF71A0AC71A}.QA_DEBUG|iPhone.ActiveCfg = QA_DEBUG|Any CPU
		{3BC645ED-C2BE-451E-BAF4-FCF71A0AC71A}.QA_DEBUG|iPhone.Build.0 = QA_DEBUG|Any CPU
		{3BC645ED-C2BE-451E-BAF4-FCF71A0AC71A}.QA_DEBUG|iPhoneSimulator.ActiveCfg = QA_DEBUG|Any CPU
		{3BC645ED-C2BE-451E-BAF4-FCF71A0AC71A}.QA_DEBUG|iPhoneSimulator.Build.0 = QA_DEBUG|Any CPU
		{3BC645ED-C2BE-451E-BAF4-FCF71A0AC71A}.QA_DEBUG|x64.ActiveCfg = QA_DEBUG|Any CPU
		{3BC645ED-C2BE-451E-BAF4-FCF71A0AC71A}.QA_DEBUG|x64.Build.0 = QA_DEBUG|Any CPU
		{3BC645ED-C2BE-451E-BAF4-FCF71A0AC71A}.QA_DEBUG|x86.ActiveCfg = QA_DEBUG|Any CPU
		{3BC645ED-C2BE-451E-BAF4-FCF71A0AC71A}.QA_DEBUG|x86.Build.0 = QA_DEBUG|Any CPU
		{3BC645ED-C2BE-451E-BAF4-FCF71A0AC71A}.QA_RELEASE|Any CPU.ActiveCfg = QA_RELEASE|Any CPU
		{3BC645ED-C2BE-451E-BAF4-FCF71A0AC71A}.QA_RELEASE|Any CPU.Build.0 = QA_RELEASE|Any CPU
		{3BC645ED-C2BE-451E-BAF4-FCF71A0AC71A}.QA_RELEASE|ARM.ActiveCfg = QA_RELEASE|Any CPU
		{3BC645ED-C2BE-451E-BAF4-FCF71A0AC71A}.QA_RELEASE|ARM.Build.0 = QA_RELEASE|Any CPU
		{3BC645ED-C2BE-451E-BAF4-FCF71A0AC71A}.QA_RELEASE|iPhone.ActiveCfg = QA_RELEASE|Any CPU
		{3BC645ED-C2BE-451E-BAF4-FCF71A0AC71A}.QA_RELEASE|iPhone.Build.0 = QA_RELEASE|Any CPU
		{3BC645ED-C2BE-451E-BAF4-FCF71A0AC71A}.QA_RELEASE|iPhoneSimulator.ActiveCfg = QA_RELEASE|Any CPU
		{3BC645ED-C2BE-451E-BAF4-FCF71A0AC71A}.QA_RELEASE|iPhoneSimulator.Build.0 = QA_RELEASE|Any CPU
		{3BC645ED-C2BE-451E-BAF4-FCF71A0AC71A}.QA_RELEASE|x64.ActiveCfg = QA_RELEASE|Any CPU
		{3BC645ED-C2BE-451E-BAF4-FCF71A0AC71A}.QA_RELEASE|x64.Build.0 = QA_RELEASE|Any CPU
		{3BC645ED-C2BE-451E-BAF4-FCF71A0AC71A}.QA_RELEASE|x86.ActiveCfg = QA_RELEASE|Any CPU
		{3BC645ED-C2BE-451E-BAF4-FCF71A0AC71A}.QA_RELEASE|x86.Build.0 = QA_RELEASE|Any CPU
		{3BC645ED-C2BE-451E-BAF4-FCF71A0AC71A}.Release|Any CPU.ActiveCfg = Release|Any CPU
		{3BC645ED-C2BE-451E-BAF4-FCF71A0AC71A}.Release|Any CPU.Build.0 = Release|Any CPU
		{3BC645ED-C2BE-451E-BAF4-FCF71A0AC71A}.Release|ARM.ActiveCfg = Release|Any CPU
		{3BC645ED-C2BE-451E-BAF4-FCF71A0AC71A}.Release|ARM.Build.0 = Release|Any CPU
		{3BC645ED-C2BE-451E-BAF4-FCF71A0AC71A}.Release|iPhone.ActiveCfg = Release|Any CPU
		{3BC645ED-C2BE-451E-BAF4-FCF71A0AC71A}.Release|iPhone.Build.0 = Release|Any CPU
		{3BC645ED-C2BE-451E-BAF4-FCF71A0AC71A}.Release|iPhoneSimulator.ActiveCfg = Release|Any CPU
		{3BC645ED-C2BE-451E-BAF4-FCF71A0AC71A}.Release|iPhoneSimulator.Build.0 = Release|Any CPU
		{3BC645ED-C2BE-451E-BAF4-FCF71A0AC71A}.Release|x64.ActiveCfg = Release|Any CPU
		{3BC645ED-C2BE-451E-BAF4-FCF71A0AC71A}.Release|x64.Build.0 = Release|Any CPU
		{3BC645ED-C2BE-451E-BAF4-FCF71A0AC71A}.Release|x86.ActiveCfg = Release|Any CPU
		{3BC645ED-C2BE-451E-BAF4-FCF71A0AC71A}.Release|x86.Build.0 = Release|Any CPU
	EndGlobalSection
	GlobalSection(SolutionProperties) = preSolution
		HideSolutionNode = FALSE
	EndGlobalSection
	GlobalSection(ExtensibilityGlobals) = postSolution
		SolutionGuid = {99DC4EF7-AA36-422D-A0B4-12B13B967415}
	EndGlobalSection
	GlobalSection(TeamFoundationVersionControl) = preSolution
		SccNumberOfProjects = 4
		SccEnterpriseProvider = {4CA58AB2-18FA-4F8D-95D4-32DDF27D184C}
		SccTeamFoundationServer = https://tfs.astoriasolutions.com:40445/tfs/astoria%20main%20collection
		SccLocalPath0 = .
		SccProjectUniqueName1 = astorWorkMobile\\astorWorkMobile.Android\\astorWorkMobile.Android.csproj
		SccProjectName1 = astorWorkMobile/astorWorkMobile.Android
		SccLocalPath1 = astorWorkMobile\\astorWorkMobile.Android
		SccProjectUniqueName2 = astorWorkMobile\\astorWorkMobile.iOS\\astorWorkMobile.iOS.csproj
		SccProjectName2 = astorWorkMobile/astorWorkMobile.iOS
		SccLocalPath2 = astorWorkMobile\\astorWorkMobile.iOS
		SccProjectUniqueName3 = astorWorkMobile\\astorWorkMobile\\astorWorkMobile.csproj
		SccProjectName3 = astorWorkMobile/astorWorkMobile
		SccLocalPath3 = astorWorkMobile\\astorWorkMobile
	EndGlobalSection
EndGlobal
