
Microsoft Visual Studio Solution File, Format Version 12.00
# Visual Studio 15
VisualStudioVersion = 15.0.27428.2015
MinimumVisualStudioVersion = 10.0.40219.1
Project("{FAE04EC0-301F-11D3-BF4B-00C04F79EFBC}") = "astorWorkBackEnd", "astorWorkBackEnd\astorWorkBackEnd.csproj", "{CA8F1DD4-9982-4349-973C-DE72BF24AE9C}"
EndProject
Global
	GlobalSection(SolutionConfigurationPlatforms) = preSolution
		Debug|Any CPU = Debug|Any CPU
		Release|Any CPU = Release|Any CPU
	EndGlobalSection
	GlobalSection(ProjectConfigurationPlatforms) = postSolution
		{CA8F1DD4-9982-4349-973C-DE72BF24AE9C}.Debug|Any CPU.ActiveCfg = Debug|Any CPU
		{CA8F1DD4-9982-4349-973C-DE72BF24AE9C}.Debug|Any CPU.Build.0 = Debug|Any CPU
		{CA8F1DD4-9982-4349-973C-DE72BF24AE9C}.Release|Any CPU.ActiveCfg = Release|Any CPU
		{CA8F1DD4-9982-4349-973C-DE72BF24AE9C}.Release|Any CPU.Build.0 = Release|Any CPU
	EndGlobalSection
	GlobalSection(SolutionProperties) = preSolution
		HideSolutionNode = FALSE
	EndGlobalSection
	GlobalSection(ExtensibilityGlobals) = postSolution
		SolutionGuid = {E29410E0-99CD-44A6-9C6E-716CAC4FFE4E}
	EndGlobalSection
	GlobalSection(TeamFoundationVersionControl) = preSolution
		SccNumberOfProjects = 2
		SccEnterpriseProvider = {4CA58AB2-18FA-4F8D-95D4-32DDF27D184C}
		SccTeamFoundationServer = https://tfs.astoriasolutions.com:40445/tfs/astoria%20main%20collection
		SccLocalPath0 = .
		SccProjectUniqueName1 = astorWorkBackEnd\\astorWorkBackEnd.csproj
		SccProjectName1 = astorWorkBackEnd
		SccLocalPath1 = astorWorkBackEnd
	EndGlobalSection
EndGlobal
