
Microsoft Visual Studio Solution File, Format Version 12.00
# Visual Studio 15
VisualStudioVersion = 15.0.27130.2027
MinimumVisualStudioVersion = 10.0.40219.1
Project("{FAE04EC0-301F-11D3-BF4B-00C04F79EFBC}") = "MaterialTrackApp.Android", "MaterialTrackApp\MaterialTrackApp.Android\MaterialTrackApp.Android.csproj", "{6CBCC42D-990B-4F9C-9A38-ABEC7F8E877E}"
EndProject
Project("{FAE04EC0-301F-11D3-BF4B-00C04F79EFBC}") = "MaterialTrackApp", "MaterialTrackApp\MaterialTrackApp\MaterialTrackApp.csproj", "{9F79C56B-AB1C-41D8-8E67-B31E852DCE09}"
EndProject
Project("{FAE04EC0-301F-11D3-BF4B-00C04F79EFBC}") = "MaterialTrackApp.iOS", "MaterialTrackApp\MaterialTrackApp.iOS\MaterialTrackApp.iOS.csproj", "{B5F74A7D-064B-4E46-97EF-1EA68CB3EB5E}"
EndProject
Global
	GlobalSection(SolutionConfigurationPlatforms) = preSolution
		Ad-Hoc|Any CPU = Ad-Hoc|Any CPU
		Ad-Hoc|iPhone = Ad-Hoc|iPhone
		Ad-Hoc|iPhoneSimulator = Ad-Hoc|iPhoneSimulator
		AppStore|Any CPU = AppStore|Any CPU
		AppStore|iPhone = AppStore|iPhone
		AppStore|iPhoneSimulator = AppStore|iPhoneSimulator
		Debug|Any CPU = Debug|Any CPU
		Debug|iPhone = Debug|iPhone
		Debug|iPhoneSimulator = Debug|iPhoneSimulator
		QA-Debug|Any CPU = QA-Debug|Any CPU
		QA-Debug|iPhone = QA-Debug|iPhone
		QA-Debug|iPhoneSimulator = QA-Debug|iPhoneSimulator
		QA-Release|Any CPU = QA-Release|Any CPU
		QA-Release|iPhone = QA-Release|iPhone
		QA-Release|iPhoneSimulator = QA-Release|iPhoneSimulator
		Release|Any CPU = Release|Any CPU
		Release|iPhone = Release|iPhone
		Release|iPhoneSimulator = Release|iPhoneSimulator
	EndGlobalSection
	GlobalSection(ProjectConfigurationPlatforms) = postSolution
		{6CBCC42D-990B-4F9C-9A38-ABEC7F8E877E}.Ad-Hoc|Any CPU.ActiveCfg = Release|Any CPU
		{6CBCC42D-990B-4F9C-9A38-ABEC7F8E877E}.Ad-Hoc|Any CPU.Build.0 = Release|Any CPU
		{6CBCC42D-990B-4F9C-9A38-ABEC7F8E877E}.Ad-Hoc|Any CPU.Deploy.0 = Release|Any CPU
		{6CBCC42D-990B-4F9C-9A38-ABEC7F8E877E}.Ad-Hoc|iPhone.ActiveCfg = Release|Any CPU
		{6CBCC42D-990B-4F9C-9A38-ABEC7F8E877E}.Ad-Hoc|iPhone.Build.0 = Release|Any CPU
		{6CBCC42D-990B-4F9C-9A38-ABEC7F8E877E}.Ad-Hoc|iPhone.Deploy.0 = Release|Any CPU
		{6CBCC42D-990B-4F9C-9A38-ABEC7F8E877E}.Ad-Hoc|iPhoneSimulator.ActiveCfg = Release|Any CPU
		{6CBCC42D-990B-4F9C-9A38-ABEC7F8E877E}.Ad-Hoc|iPhoneSimulator.Build.0 = Release|Any CPU
		{6CBCC42D-990B-4F9C-9A38-ABEC7F8E877E}.Ad-Hoc|iPhoneSimulator.Deploy.0 = Release|Any CPU
		{6CBCC42D-990B-4F9C-9A38-ABEC7F8E877E}.AppStore|Any CPU.ActiveCfg = Release|Any CPU
		{6CBCC42D-990B-4F9C-9A38-ABEC7F8E877E}.AppStore|Any CPU.Build.0 = Release|Any CPU
		{6CBCC42D-990B-4F9C-9A38-ABEC7F8E877E}.AppStore|Any CPU.Deploy.0 = Release|Any CPU
		{6CBCC42D-990B-4F9C-9A38-ABEC7F8E877E}.AppStore|iPhone.ActiveCfg = Release|Any CPU
		{6CBCC42D-990B-4F9C-9A38-ABEC7F8E877E}.AppStore|iPhone.Build.0 = Release|Any CPU
		{6CBCC42D-990B-4F9C-9A38-ABEC7F8E877E}.AppStore|iPhone.Deploy.0 = Release|Any CPU
		{6CBCC42D-990B-4F9C-9A38-ABEC7F8E877E}.AppStore|iPhoneSimulator.ActiveCfg = Release|Any CPU
		{6CBCC42D-990B-4F9C-9A38-ABEC7F8E877E}.AppStore|iPhoneSimulator.Build.0 = Release|Any CPU
		{6CBCC42D-990B-4F9C-9A38-ABEC7F8E877E}.AppStore|iPhoneSimulator.Deploy.0 = Release|Any CPU
		{6CBCC42D-990B-4F9C-9A38-ABEC7F8E877E}.Debug|Any CPU.ActiveCfg = Debug|Any CPU
		{6CBCC42D-990B-4F9C-9A38-ABEC7F8E877E}.Debug|Any CPU.Build.0 = Debug|Any CPU
		{6CBCC42D-990B-4F9C-9A38-ABEC7F8E877E}.Debug|Any CPU.Deploy.0 = Debug|Any CPU
		{6CBCC42D-990B-4F9C-9A38-ABEC7F8E877E}.Debug|iPhone.ActiveCfg = Debug|Any CPU
		{6CBCC42D-990B-4F9C-9A38-ABEC7F8E877E}.Debug|iPhone.Build.0 = Debug|Any CPU
		{6CBCC42D-990B-4F9C-9A38-ABEC7F8E877E}.Debug|iPhone.Deploy.0 = Debug|Any CPU
		{6CBCC42D-990B-4F9C-9A38-ABEC7F8E877E}.Debug|iPhoneSimulator.ActiveCfg = Debug|Any CPU
		{6CBCC42D-990B-4F9C-9A38-ABEC7F8E877E}.Debug|iPhoneSimulator.Build.0 = Debug|Any CPU
		{6CBCC42D-990B-4F9C-9A38-ABEC7F8E877E}.Debug|iPhoneSimulator.Deploy.0 = Debug|Any CPU
		{6CBCC42D-990B-4F9C-9A38-ABEC7F8E877E}.QA-Debug|Any CPU.ActiveCfg = QA|Any CPU
		{6CBCC42D-990B-4F9C-9A38-ABEC7F8E877E}.QA-Debug|Any CPU.Build.0 = QA|Any CPU
		{6CBCC42D-990B-4F9C-9A38-ABEC7F8E877E}.QA-Debug|Any CPU.Deploy.0 = QA|Any CPU
		{6CBCC42D-990B-4F9C-9A38-ABEC7F8E877E}.QA-Debug|iPhone.ActiveCfg = QA|Any CPU
		{6CBCC42D-990B-4F9C-9A38-ABEC7F8E877E}.QA-Debug|iPhone.Build.0 = QA|Any CPU
		{6CBCC42D-990B-4F9C-9A38-ABEC7F8E877E}.QA-Debug|iPhone.Deploy.0 = QA|Any CPU
		{6CBCC42D-990B-4F9C-9A38-ABEC7F8E877E}.QA-Debug|iPhoneSimulator.ActiveCfg = QA|Any CPU
		{6CBCC42D-990B-4F9C-9A38-ABEC7F8E877E}.QA-Debug|iPhoneSimulator.Build.0 = QA|Any CPU
		{6CBCC42D-990B-4F9C-9A38-ABEC7F8E877E}.QA-Debug|iPhoneSimulator.Deploy.0 = QA|Any CPU
		{6CBCC42D-990B-4F9C-9A38-ABEC7F8E877E}.QA-Release|Any CPU.ActiveCfg = QA-Release|Any CPU
		{6CBCC42D-990B-4F9C-9A38-ABEC7F8E877E}.QA-Release|Any CPU.Build.0 = QA-Release|Any CPU
		{6CBCC42D-990B-4F9C-9A38-ABEC7F8E877E}.QA-Release|Any CPU.Deploy.0 = QA-Release|Any CPU
		{6CBCC42D-990B-4F9C-9A38-ABEC7F8E877E}.QA-Release|iPhone.ActiveCfg = QA-Release|Any CPU
		{6CBCC42D-990B-4F9C-9A38-ABEC7F8E877E}.QA-Release|iPhone.Build.0 = QA-Release|Any CPU
		{6CBCC42D-990B-4F9C-9A38-ABEC7F8E877E}.QA-Release|iPhone.Deploy.0 = QA-Release|Any CPU
		{6CBCC42D-990B-4F9C-9A38-ABEC7F8E877E}.QA-Release|iPhoneSimulator.ActiveCfg = QA-Release|Any CPU
		{6CBCC42D-990B-4F9C-9A38-ABEC7F8E877E}.QA-Release|iPhoneSimulator.Build.0 = QA-Release|Any CPU
		{6CBCC42D-990B-4F9C-9A38-ABEC7F8E877E}.QA-Release|iPhoneSimulator.Deploy.0 = QA-Release|Any CPU
		{6CBCC42D-990B-4F9C-9A38-ABEC7F8E877E}.Release|Any CPU.ActiveCfg = Release|Any CPU
		{6CBCC42D-990B-4F9C-9A38-ABEC7F8E877E}.Release|Any CPU.Build.0 = Release|Any CPU
		{6CBCC42D-990B-4F9C-9A38-ABEC7F8E877E}.Release|Any CPU.Deploy.0 = Release|Any CPU
		{6CBCC42D-990B-4F9C-9A38-ABEC7F8E877E}.Release|iPhone.ActiveCfg = Release|Any CPU
		{6CBCC42D-990B-4F9C-9A38-ABEC7F8E877E}.Release|iPhone.Build.0 = Release|Any CPU
		{6CBCC42D-990B-4F9C-9A38-ABEC7F8E877E}.Release|iPhone.Deploy.0 = Release|Any CPU
		{6CBCC42D-990B-4F9C-9A38-ABEC7F8E877E}.Release|iPhoneSimulator.ActiveCfg = Release|Any CPU
		{6CBCC42D-990B-4F9C-9A38-ABEC7F8E877E}.Release|iPhoneSimulator.Build.0 = Release|Any CPU
		{6CBCC42D-990B-4F9C-9A38-ABEC7F8E877E}.Release|iPhoneSimulator.Deploy.0 = Release|Any CPU
		{9F79C56B-AB1C-41D8-8E67-B31E852DCE09}.Ad-Hoc|Any CPU.ActiveCfg = Release|Any CPU
		{9F79C56B-AB1C-41D8-8E67-B31E852DCE09}.Ad-Hoc|Any CPU.Build.0 = Release|Any CPU
		{9F79C56B-AB1C-41D8-8E67-B31E852DCE09}.Ad-Hoc|iPhone.ActiveCfg = Release|Any CPU
		{9F79C56B-AB1C-41D8-8E67-B31E852DCE09}.Ad-Hoc|iPhone.Build.0 = Release|Any CPU
		{9F79C56B-AB1C-41D8-8E67-B31E852DCE09}.Ad-Hoc|iPhoneSimulator.ActiveCfg = Release|Any CPU
		{9F79C56B-AB1C-41D8-8E67-B31E852DCE09}.Ad-Hoc|iPhoneSimulator.Build.0 = Release|Any CPU
		{9F79C56B-AB1C-41D8-8E67-B31E852DCE09}.AppStore|Any CPU.ActiveCfg = Release|Any CPU
		{9F79C56B-AB1C-41D8-8E67-B31E852DCE09}.AppStore|Any CPU.Build.0 = Release|Any CPU
		{9F79C56B-AB1C-41D8-8E67-B31E852DCE09}.AppStore|iPhone.ActiveCfg = Release|Any CPU
		{9F79C56B-AB1C-41D8-8E67-B31E852DCE09}.AppStore|iPhone.Build.0 = Release|Any CPU
		{9F79C56B-AB1C-41D8-8E67-B31E852DCE09}.AppStore|iPhoneSimulator.ActiveCfg = Release|Any CPU
		{9F79C56B-AB1C-41D8-8E67-B31E852DCE09}.AppStore|iPhoneSimulator.Build.0 = Release|Any CPU
		{9F79C56B-AB1C-41D8-8E67-B31E852DCE09}.Debug|Any CPU.ActiveCfg = Debug|Any CPU
		{9F79C56B-AB1C-41D8-8E67-B31E852DCE09}.Debug|Any CPU.Build.0 = Debug|Any CPU
		{9F79C56B-AB1C-41D8-8E67-B31E852DCE09}.Debug|iPhone.ActiveCfg = Debug|Any CPU
		{9F79C56B-AB1C-41D8-8E67-B31E852DCE09}.Debug|iPhone.Build.0 = Debug|Any CPU
		{9F79C56B-AB1C-41D8-8E67-B31E852DCE09}.Debug|iPhoneSimulator.ActiveCfg = Debug|Any CPU
		{9F79C56B-AB1C-41D8-8E67-B31E852DCE09}.Debug|iPhoneSimulator.Build.0 = Debug|Any CPU
		{9F79C56B-AB1C-41D8-8E67-B31E852DCE09}.QA-Debug|Any CPU.ActiveCfg = QA|Any CPU
		{9F79C56B-AB1C-41D8-8E67-B31E852DCE09}.QA-Debug|Any CPU.Build.0 = QA|Any CPU
		{9F79C56B-AB1C-41D8-8E67-B31E852DCE09}.QA-Debug|iPhone.ActiveCfg = QA|Any CPU
		{9F79C56B-AB1C-41D8-8E67-B31E852DCE09}.QA-Debug|iPhone.Build.0 = QA|Any CPU
		{9F79C56B-AB1C-41D8-8E67-B31E852DCE09}.QA-Debug|iPhoneSimulator.ActiveCfg = QA|Any CPU
		{9F79C56B-AB1C-41D8-8E67-B31E852DCE09}.QA-Debug|iPhoneSimulator.Build.0 = QA|Any CPU
		{9F79C56B-AB1C-41D8-8E67-B31E852DCE09}.QA-Release|Any CPU.ActiveCfg = QA-Release|Any CPU
		{9F79C56B-AB1C-41D8-8E67-B31E852DCE09}.QA-Release|Any CPU.Build.0 = QA-Release|Any CPU
		{9F79C56B-AB1C-41D8-8E67-B31E852DCE09}.QA-Release|iPhone.ActiveCfg = QA-Release|Any CPU
		{9F79C56B-AB1C-41D8-8E67-B31E852DCE09}.QA-Release|iPhone.Build.0 = QA-Release|Any CPU
		{9F79C56B-AB1C-41D8-8E67-B31E852DCE09}.QA-Release|iPhoneSimulator.ActiveCfg = QA-Release|Any CPU
		{9F79C56B-AB1C-41D8-8E67-B31E852DCE09}.QA-Release|iPhoneSimulator.Build.0 = QA-Release|Any CPU
		{9F79C56B-AB1C-41D8-8E67-B31E852DCE09}.Release|Any CPU.ActiveCfg = Release|Any CPU
		{9F79C56B-AB1C-41D8-8E67-B31E852DCE09}.Release|Any CPU.Build.0 = Release|Any CPU
		{9F79C56B-AB1C-41D8-8E67-B31E852DCE09}.Release|iPhone.ActiveCfg = Release|Any CPU
		{9F79C56B-AB1C-41D8-8E67-B31E852DCE09}.Release|iPhone.Build.0 = Release|Any CPU
		{9F79C56B-AB1C-41D8-8E67-B31E852DCE09}.Release|iPhoneSimulator.ActiveCfg = Release|Any CPU
		{9F79C56B-AB1C-41D8-8E67-B31E852DCE09}.Release|iPhoneSimulator.Build.0 = Release|Any CPU
		{B5F74A7D-064B-4E46-97EF-1EA68CB3EB5E}.Ad-Hoc|Any CPU.ActiveCfg = Ad-Hoc|iPhoneSimulator
		{B5F74A7D-064B-4E46-97EF-1EA68CB3EB5E}.Ad-Hoc|iPhone.ActiveCfg = Ad-Hoc|iPhone
		{B5F74A7D-064B-4E46-97EF-1EA68CB3EB5E}.Ad-Hoc|iPhone.Build.0 = Ad-Hoc|iPhone
		{B5F74A7D-064B-4E46-97EF-1EA68CB3EB5E}.Ad-Hoc|iPhoneSimulator.ActiveCfg = Ad-Hoc|iPhoneSimulator
		{B5F74A7D-064B-4E46-97EF-1EA68CB3EB5E}.Ad-Hoc|iPhoneSimulator.Build.0 = Ad-Hoc|iPhoneSimulator
		{B5F74A7D-064B-4E46-97EF-1EA68CB3EB5E}.AppStore|Any CPU.ActiveCfg = AppStore|iPhoneSimulator
		{B5F74A7D-064B-4E46-97EF-1EA68CB3EB5E}.AppStore|iPhone.ActiveCfg = AppStore|iPhone
		{B5F74A7D-064B-4E46-97EF-1EA68CB3EB5E}.AppStore|iPhone.Build.0 = AppStore|iPhone
		{B5F74A7D-064B-4E46-97EF-1EA68CB3EB5E}.AppStore|iPhoneSimulator.ActiveCfg = AppStore|iPhoneSimulator
		{B5F74A7D-064B-4E46-97EF-1EA68CB3EB5E}.AppStore|iPhoneSimulator.Build.0 = AppStore|iPhoneSimulator
		{B5F74A7D-064B-4E46-97EF-1EA68CB3EB5E}.Debug|Any CPU.ActiveCfg = Debug|iPhoneSimulator
		{B5F74A7D-064B-4E46-97EF-1EA68CB3EB5E}.Debug|iPhone.ActiveCfg = Debug|iPhone
		{B5F74A7D-064B-4E46-97EF-1EA68CB3EB5E}.Debug|iPhone.Build.0 = Debug|iPhone
		{B5F74A7D-064B-4E46-97EF-1EA68CB3EB5E}.Debug|iPhoneSimulator.ActiveCfg = Debug|iPhoneSimulator
		{B5F74A7D-064B-4E46-97EF-1EA68CB3EB5E}.Debug|iPhoneSimulator.Build.0 = Debug|iPhoneSimulator
		{B5F74A7D-064B-4E46-97EF-1EA68CB3EB5E}.QA-Debug|Any CPU.ActiveCfg = QA|iPhone
		{B5F74A7D-064B-4E46-97EF-1EA68CB3EB5E}.QA-Debug|iPhone.ActiveCfg = QA|iPhone
		{B5F74A7D-064B-4E46-97EF-1EA68CB3EB5E}.QA-Debug|iPhoneSimulator.ActiveCfg = QA|iPhoneSimulator
		{B5F74A7D-064B-4E46-97EF-1EA68CB3EB5E}.QA-Release|Any CPU.ActiveCfg = QA-Release|iPhone
		{B5F74A7D-064B-4E46-97EF-1EA68CB3EB5E}.QA-Release|iPhone.ActiveCfg = QA-Release|iPhone
		{B5F74A7D-064B-4E46-97EF-1EA68CB3EB5E}.QA-Release|iPhoneSimulator.ActiveCfg = QA-Release|iPhoneSimulator
		{B5F74A7D-064B-4E46-97EF-1EA68CB3EB5E}.Release|Any CPU.ActiveCfg = Release|iPhoneSimulator
		{B5F74A7D-064B-4E46-97EF-1EA68CB3EB5E}.Release|iPhone.ActiveCfg = Release|iPhone
		{B5F74A7D-064B-4E46-97EF-1EA68CB3EB5E}.Release|iPhone.Build.0 = Release|iPhone
		{B5F74A7D-064B-4E46-97EF-1EA68CB3EB5E}.Release|iPhoneSimulator.ActiveCfg = Release|iPhoneSimulator
		{B5F74A7D-064B-4E46-97EF-1EA68CB3EB5E}.Release|iPhoneSimulator.Build.0 = Release|iPhoneSimulator
	EndGlobalSection
	GlobalSection(SolutionProperties) = preSolution
		HideSolutionNode = FALSE
	EndGlobalSection
	GlobalSection(ExtensibilityGlobals) = postSolution
		SolutionGuid = {893220DC-0E2A-44F4-A759-80CAF537E583}
	EndGlobalSection
	GlobalSection(TeamFoundationVersionControl) = preSolution
		SccNumberOfProjects = 4
		SccEnterpriseProvider = {4CA58AB2-18FA-4F8D-95D4-32DDF27D184C}
		SccTeamFoundationServer = https://tfs.astoriasolutions.com:40445/tfs/astoria%20main%20collection
		SccLocalPath0 = .
		SccProjectUniqueName1 = MaterialTrackApp\\MaterialTrackApp.Android\\MaterialTrackApp.Android.csproj
		SccProjectName1 = MaterialTrackApp/MaterialTrackApp.Android
		SccLocalPath1 = MaterialTrackApp\\MaterialTrackApp.Android
		SccProjectUniqueName2 = MaterialTrackApp\\MaterialTrackApp.iOS\\MaterialTrackApp.iOS.csproj
		SccProjectName2 = MaterialTrackApp/MaterialTrackApp.iOS
		SccLocalPath2 = MaterialTrackApp\\MaterialTrackApp.iOS
		SccProjectUniqueName3 = MaterialTrackApp\\MaterialTrackApp\\MaterialTrackApp.csproj
		SccProjectName3 = MaterialTrackApp/MaterialTrackApp
		SccLocalPath3 = MaterialTrackApp\\MaterialTrackApp
	EndGlobalSection
EndGlobal
